
Microsoft Visual Studio Solution File, Format Version 12.00
# Visual Studio Version 17
VisualStudioVersion = 17.8.34525.116
MinimumVisualStudioVersion = 10.0.40219.1
Project("{FAE04EC0-301F-11D3-BF4B-00C04F79EFBC}") = "MVC_TagHelpers", "MVC_TagHelpers\MVC_TagHelpers.csproj", "{AD0FC0AA-52BE-4D20-BCE3-55A28C8D1D83}"
EndProject
Global
	GlobalSection(SolutionConfigurationPlatforms) = preSolution
		Debug|Any CPU = Debug|Any CPU
		Release|Any CPU = Release|Any CPU
	EndGlobalSection
	GlobalSection(ProjectConfigurationPlatforms) = postSolution
		{AD0FC0AA-52BE-4D20-BCE3-55A28C8D1D83}.Debug|Any CPU.ActiveCfg = Debug|Any CPU
		{AD0FC0AA-52BE-4D20-BCE3-55A28C8D1D83}.Debug|Any CPU.Build.0 = Debug|Any CPU
		{AD0FC0AA-52BE-4D20-BCE3-55A28C8D1D83}.Release|Any CPU.ActiveCfg = Release|Any CPU
		{AD0FC0AA-52BE-4D20-BCE3-55A28C8D1D83}.Release|Any CPU.Build.0 = Release|Any CPU
	EndGlobalSection
	GlobalSection(SolutionProperties) = preSolution
		HideSolutionNode = FALSE
	EndGlobalSection
	GlobalSection(ExtensibilityGlobals) = postSolution
		SolutionGuid = {F8CC72A6-C6DF-42DA-AB03-F15243B9A148}
	EndGlobalSection
EndGlobal
