
Microsoft Visual Studio Solution File, Format Version 12.00
# Visual Studio Version 17
VisualStudioVersion = 17.8.34525.116
MinimumVisualStudioVersion = 10.0.40219.1
Project("{FAE04EC0-301F-11D3-BF4B-00C04F79EFBC}") = "AspNetCore_MVC_DataTransfer", "AspNetCore_MVC_DataTransfer\AspNetCore_MVC_DataTransfer.csproj", "{3458AA0C-3D6B-476B-9533-4063A29C3685}"
EndProject
Global
	GlobalSection(SolutionConfigurationPlatforms) = preSolution
		Debug|Any CPU = Debug|Any CPU
		Release|Any CPU = Release|Any CPU
	EndGlobalSection
	GlobalSection(ProjectConfigurationPlatforms) = postSolution
		{3458AA0C-3D6B-476B-9533-4063A29C3685}.Debug|Any CPU.ActiveCfg = Debug|Any CPU
		{3458AA0C-3D6B-476B-9533-4063A29C3685}.Debug|Any CPU.Build.0 = Debug|Any CPU
		{3458AA0C-3D6B-476B-9533-4063A29C3685}.Release|Any CPU.ActiveCfg = Release|Any CPU
		{3458AA0C-3D6B-476B-9533-4063A29C3685}.Release|Any CPU.Build.0 = Release|Any CPU
	EndGlobalSection
	GlobalSection(SolutionProperties) = preSolution
		HideSolutionNode = FALSE
	EndGlobalSection
	GlobalSection(ExtensibilityGlobals) = postSolution
		SolutionGuid = {5BFF3C8D-51DB-433E-9AD1-82021D28A3C6}
	EndGlobalSection
EndGlobal
