
Microsoft Visual Studio Solution File, Format Version 12.00
# Visual Studio Version 17
VisualStudioVersion = 17.8.34525.116
MinimumVisualStudioVersion = 10.0.40219.1
Project("{FAE04EC0-301F-11D3-BF4B-00C04F79EFBC}") = "MVC_Area", "MVC_Area\MVC_Area.csproj", "{009A97E9-3037-41AF-AD01-32E3217C4832}"
EndProject
Global
	GlobalSection(SolutionConfigurationPlatforms) = preSolution
		Debug|Any CPU = Debug|Any CPU
		Release|Any CPU = Release|Any CPU
	EndGlobalSection
	GlobalSection(ProjectConfigurationPlatforms) = postSolution
		{009A97E9-3037-41AF-AD01-32E3217C4832}.Debug|Any CPU.ActiveCfg = Debug|Any CPU
		{009A97E9-3037-41AF-AD01-32E3217C4832}.Debug|Any CPU.Build.0 = Debug|Any CPU
		{009A97E9-3037-41AF-AD01-32E3217C4832}.Release|Any CPU.ActiveCfg = Release|Any CPU
		{009A97E9-3037-41AF-AD01-32E3217C4832}.Release|Any CPU.Build.0 = Release|Any CPU
	EndGlobalSection
	GlobalSection(SolutionProperties) = preSolution
		HideSolutionNode = FALSE
	EndGlobalSection
	GlobalSection(ExtensibilityGlobals) = postSolution
		SolutionGuid = {F75FE4A0-B5B8-4308-9AF1-EBC41BE15C5A}
	EndGlobalSection
EndGlobal
